// !$*UTF8*$!
{
	archiveVersion = 1;
	classes = {
	};
	objectVersion = 55;
	objects = {

/* Begin PBXBuildFile section */
		986628422CBC51B500B9B004 /* testIosApp.swift in Sources */ = {isa = PBXBuildFile; fileRef = 986628412CBC51B500B9B004 /* testIosApp.swift */; };
		986628442CBC51B500B9B004 /* ContentView.swift in Sources */ = {isa = PBXBuildFile; fileRef = 986628432CBC51B500B9B004 /* ContentView.swift */; };
		986628462CBC51B600B9B004 /* Assets.xcassets in Resources */ = {isa = PBXBuildFile; fileRef = 986628452CBC51B600B9B004 /* Assets.xcassets */; };
		986628492CBC51B600B9B004 /* Preview Assets.xcassets in Resources */ = {isa = PBXBuildFile; fileRef = 986628482CBC51B600B9B004 /* Preview Assets.xcassets */; };
		986628532CBC51B600B9B004 /* testIosTests.swift in Sources */ = {isa = PBXBuildFile; fileRef = 986628522CBC51B600B9B004 /* testIosTests.swift */; };
		9866285D2CBC51B600B9B004 /* testIosUITests.swift in Sources */ = {isa = PBXBuildFile; fileRef = 9866285C2CBC51B600B9B004 /* testIosUITests.swift */; };
		9866285F2CBC51B600B9B004 /* testIosUITestsLaunchTests.swift in Sources */ = {isa = PBXBuildFile; fileRef = 9866285E2CBC51B600B9B004 /* testIosUITestsLaunchTests.swift */; };
/* End PBXBuildFile section */

/* Begin PBXContainerItemProxy section */
		9866284F2CBC51B600B9B004 /* PBXContainerItemProxy */ = {
			isa = PBXContainerItemProxy;
			containerPortal = 986628362CBC51B500B9B004 /* Project object */;
			proxyType = 1;
			remoteGlobalIDString = 9866283D2CBC51B500B9B004;
			remoteInfo = testIos;
		};
		986628592CBC51B600B9B004 /* PBXContainerItemProxy */ = {
			isa = PBXContainerItemProxy;
			containerPortal = 986628362CBC51B500B9B004 /* Project object */;
			proxyType = 1;
			remoteGlobalIDString = 9866283D2CBC51B500B9B004;
			remoteInfo = testIos;
		};
/* End PBXContainerItemProxy section */

/* Begin PBXFileReference section */
		9866283E2CBC51B500B9B004 /* testIos.app */ = {isa = PBXFileReference; explicitFileType = wrapper.application; includeInIndex = 0; path = testIos.app; sourceTree = BUILT_PRODUCTS_DIR; };
		986628412CBC51B500B9B004 /* testIosApp.swift */ = {isa = PBXFileReference; lastKnownFileType = sourcecode.swift; path = testIosApp.swift; sourceTree = "<group>"; };
		986628432CBC51B500B9B004 /* ContentView.swift */ = {isa = PBXFileReference; lastKnownFileType = sourcecode.swift; path = ContentView.swift; sourceTree = "<group>"; };
		986628452CBC51B600B9B004 /* Assets.xcassets */ = {isa = PBXFileReference; lastKnownFileType = folder.assetcatalog; path = Assets.xcassets; sourceTree = "<group>"; };
		986628482CBC51B600B9B004 /* Preview Assets.xcassets */ = {isa = PBXFileReference; lastKnownFileType = folder.assetcatalog; path = "Preview Assets.xcassets"; sourceTree = "<group>"; };
		9866284E2CBC51B600B9B004 /* testIosTests.xctest */ = {isa = PBXFileReference; explicitFileType = wrapper.cfbundle; includeInIndex = 0; path = testIosTests.xctest; sourceTree = BUILT_PRODUCTS_DIR; };
		986628522CBC51B600B9B004 /* testIosTests.swift */ = {isa = PBXFileReference; lastKnownFileType = sourcecode.swift; path = testIosTests.swift; sourceTree = "<group>"; };
		986628582CBC51B600B9B004 /* testIosUITests.xctest */ = {isa = PBXFileReference; explicitFileType = wrapper.cfbundle; includeInIndex = 0; path = testIosUITests.xctest; sourceTree = BUILT_PRODUCTS_DIR; };
		9866285C2CBC51B600B9B004 /* testIosUITests.swift */ = {isa = PBXFileReference; lastKnownFileType = sourcecode.swift; path = testIosUITests.swift; sourceTree = "<group>"; };
		9866285E2CBC51B600B9B004 /* testIosUITestsLaunchTests.swift */ = {isa = PBXFileReference; lastKnownFileType = sourcecode.swift; path = testIosUITestsLaunchTests.swift; sourceTree = "<group>"; };
/* End PBXFileReference section */

/* Begin PBXFrameworksBuildPhase section */
		9866283B2CBC51B500B9B004 /* Frameworks */ = {
			isa = PBXFrameworksBuildPhase;
			buildActionMask = 2147483647;
			files = (
			);
			runOnlyForDeploymentPostprocessing = 0;
		};
		9866284B2CBC51B600B9B004 /* Frameworks */ = {
			isa = PBXFrameworksBuildPhase;
			buildActionMask = 2147483647;
			files = (
			);
			runOnlyForDeploymentPostprocessing = 0;
		};
		986628552CBC51B600B9B004 /* Frameworks */ = {
			isa = PBXFrameworksBuildPhase;
			buildActionMask = 2147483647;
			files = (
			);
			runOnlyForDeploymentPostprocessing = 0;
		};
/* End PBXFrameworksBuildPhase section */

/* Begin PBXGroup section */
		986628352CBC51B500B9B004 = {
			isa = PBXGroup;
			children = (
				986628402CBC51B500B9B004 /* testIos */,
				986628512CBC51B600B9B004 /* testIosTests */,
				9866285B2CBC51B600B9B004 /* testIosUITests */,
				9866283F2CBC51B500B9B004 /* Products */,
			);
			sourceTree = "<group>";
		};
		9866283F2CBC51B500B9B004 /* Products */ = {
			isa = PBXGroup;
			children = (
				9866283E2CBC51B500B9B004 /* testIos.app */,
				9866284E2CBC51B600B9B004 /* testIosTests.xctest */,
				986628582CBC51B600B9B004 /* testIosUITests.xctest */,
			);
			name = Products;
			sourceTree = "<group>";
		};
		986628402CBC51B500B9B004 /* testIos */ = {
			isa = PBXGroup;
			children = (
				986628412CBC51B500B9B004 /* testIosApp.swift */,
				986628432CBC51B500B9B004 /* ContentView.swift */,
				986628452CBC51B600B9B004 /* Assets.xcassets */,
				986628472CBC51B600B9B004 /* Preview Content */,
			);
			path = testIos;
			sourceTree = "<group>";
		};
		986628472CBC51B600B9B004 /* Preview Content */ = {
			isa = PBXGroup;
			children = (
				986628482CBC51B600B9B004 /* Preview Assets.xcassets */,
			);
			path = "Preview Content";
			sourceTree = "<group>";
		};
		986628512CBC51B600B9B004 /* testIosTests */ = {
			isa = PBXGroup;
			children = (
				986628522CBC51B600B9B004 /* testIosTests.swift */,
			);
			path = testIosTests;
			sourceTree = "<group>";
		};
		9866285B2CBC51B600B9B004 /* testIosUITests */ = {
			isa = PBXGroup;
			children = (
				9866285C2CBC51B600B9B004 /* testIosUITests.swift */,
				9866285E2CBC51B600B9B004 /* testIosUITestsLaunchTests.swift */,
			);
			path = testIosUITests;
			sourceTree = "<group>";
		};
/* End PBXGroup section */

/* Begin PBXNativeTarget section */
		9866283D2CBC51B500B9B004 /* testIos */ = {
			isa = PBXNativeTarget;
			buildConfigurationList = 986628622CBC51B600B9B004 /* Build configuration list for PBXNativeTarget "testIos" */;
			buildPhases = (
				9866283A2CBC51B500B9B004 /* Sources */,
				9866283B2CBC51B500B9B004 /* Frameworks */,
				9866283C2CBC51B500B9B004 /* Resources */,
			);
			buildRules = (
			);
			dependencies = (
			);
			name = testIos;
			productName = testIos;
			productReference = 9866283E2CBC51B500B9B004 /* testIos.app */;
			productType = "com.apple.product-type.application";
		};
		9866284D2CBC51B600B9B004 /* testIosTests */ = {
			isa = PBXNativeTarget;
			buildConfigurationList = 986628652CBC51B600B9B004 /* Build configuration list for PBXNativeTarget "testIosTests" */;
			buildPhases = (
				9866284A2CBC51B600B9B004 /* Sources */,
				9866284B2CBC51B600B9B004 /* Frameworks */,
				9866284C2CBC51B600B9B004 /* Resources */,
			);
			buildRules = (
			);
			dependencies = (
				986628502CBC51B600B9B004 /* PBXTargetDependency */,
			);
			name = testIosTests;
			productName = testIosTests;
			productReference = 9866284E2CBC51B600B9B004 /* testIosTests.xctest */;
			productType = "com.apple.product-type.bundle.unit-test";
		};
		986628572CBC51B600B9B004 /* testIosUITests */ = {
			isa = PBXNativeTarget;
			buildConfigurationList = 986628682CBC51B600B9B004 /* Build configuration list for PBXNativeTarget "testIosUITests" */;
			buildPhases = (
				986628542CBC51B600B9B004 /* Sources */,
				986628552CBC51B600B9B004 /* Frameworks */,
				986628562CBC51B600B9B004 /* Resources */,
			);
			buildRules = (
			);
			dependencies = (
				9866285A2CBC51B600B9B004 /* PBXTargetDependency */,
			);
			name = testIosUITests;
			productName = testIosUITests;
			productReference = 986628582CBC51B600B9B004 /* testIosUITests.xctest */;
			productType = "com.apple.product-type.bundle.ui-testing";
		};
/* End PBXNativeTarget section */

/* Begin PBXProject section */
		986628362CBC51B500B9B004 /* Project object */ = {
			isa = PBXProject;
			attributes = {
				BuildIndependentTargetsInParallel = 1;
				LastSwiftUpdateCheck = 1340;
				LastUpgradeCheck = 1340;
				TargetAttributes = {
					9866283D2CBC51B500B9B004 = {
						CreatedOnToolsVersion = 13.4.1;
					};
					9866284D2CBC51B600B9B004 = {
						CreatedOnToolsVersion = 13.4.1;
						TestTargetID = 9866283D2CBC51B500B9B004;
					};
					986628572CBC51B600B9B004 = {
						CreatedOnToolsVersion = 13.4.1;
						TestTargetID = 9866283D2CBC51B500B9B004;
					};
				};
			};
			buildConfigurationList = 986628392CBC51B500B9B004 /* Build configuration list for PBXProject "testIos" */;
			compatibilityVersion = "Xcode 13.0";
			developmentRegion = en;
			hasScannedForEncodings = 0;
			knownRegions = (
				en,
				Base,
			);
			mainGroup = 986628352CBC51B500B9B004;
			productRefGroup = 9866283F2CBC51B500B9B004 /* Products */;
			projectDirPath = "";
			projectRoot = "";
			targets = (
				9866283D2CBC51B500B9B004 /* testIos */,
				9866284D2CBC51B600B9B004 /* testIosTests */,
				986628572CBC51B600B9B004 /* testIosUITests */,
			);
		};
/* End PBXProject section */

/* Begin PBXResourcesBuildPhase section */
		9866283C2CBC51B500B9B004 /* Resources */ = {
			isa = PBXResourcesBuildPhase;
			buildActionMask = 2147483647;
			files = (
				986628492CBC51B600B9B004 /* Preview Assets.xcassets in Resources */,
				986628462CBC51B600B9B004 /* Assets.xcassets in Resources */,
			);
			runOnlyForDeploymentPostprocessing = 0;
		};
		9866284C2CBC51B600B9B004 /* Resources */ = {
			isa = PBXResourcesBuildPhase;
			buildActionMask = 2147483647;
			files = (
			);
			runOnlyForDeploymentPostprocessing = 0;
		};
		986628562CBC51B600B9B004 /* Resources */ = {
			isa = PBXResourcesBuildPhase;
			buildActionMask = 2147483647;
			files = (
			);
			runOnlyForDeploymentPostprocessing = 0;
		};
/* End PBXResourcesBuildPhase section */

/* Begin PBXSourcesBuildPhase section */
		9866283A2CBC51B500B9B004 /* Sources */ = {
			isa = PBXSourcesBuildPhase;
			buildActionMask = 2147483647;
			files = (
				986628442CBC51B500B9B004 /* ContentView.swift in Sources */,
				986628422CBC51B500B9B004 /* testIosApp.swift in Sources */,
			);
			runOnlyForDeploymentPostprocessing = 0;
		};
		9866284A2CBC51B600B9B004 /* Sources */ = {
			isa = PBXSourcesBuildPhase;
			buildActionMask = 2147483647;
			files = (
				986628532CBC51B600B9B004 /* testIosTests.swift in Sources */,
			);
			runOnlyForDeploymentPostprocessing = 0;
		};
		986628542CBC51B600B9B004 /* Sources */ = {
			isa = PBXSourcesBuildPhase;
			buildActionMask = 2147483647;
			files = (
				9866285F2CBC51B600B9B004 /* testIosUITestsLaunchTests.swift in Sources */,
				9866285D2CBC51B600B9B004 /* testIosUITests.swift in Sources */,
			);
			runOnlyForDeploymentPostprocessing = 0;
		};
/* End PBXSourcesBuildPhase section */

/* Begin PBXTargetDependency section */
		986628502CBC51B600B9B004 /* PBXTargetDependency */ = {
			isa = PBXTargetDependency;
			target = 9866283D2CBC51B500B9B004 /* testIos */;
			targetProxy = 9866284F2CBC51B600B9B004 /* PBXContainerItemProxy */;
		};
		9866285A2CBC51B600B9B004 /* PBXTargetDependency */ = {
			isa = PBXTargetDependency;
			target = 9866283D2CBC51B500B9B004 /* testIos */;
			targetProxy = 986628592CBC51B600B9B004 /* PBXContainerItemProxy */;
		};
/* End PBXTargetDependency section */

/* Begin XCBuildConfiguration section */
		986628602CBC51B600B9B004 /* Debug */ = {
			isa = XCBuildConfiguration;
			buildSettings = {
				ALWAYS_SEARCH_USER_PATHS = NO;
				CLANG_ANALYZER_NONNULL = YES;
				CLANG_ANALYZER_NUMBER_OBJECT_CONVERSION = YES_AGGRESSIVE;
				CLANG_CXX_LANGUAGE_STANDARD = "gnu++17";
				CLANG_ENABLE_MODULES = YES;
				CLANG_ENABLE_OBJC_ARC = YES;
				CLANG_ENABLE_OBJC_WEAK = YES;
				CLANG_WARN_BLOCK_CAPTURE_AUTORELEASING = YES;
				CLANG_WARN_BOOL_CONVERSION = YES;
				CLANG_WARN_COMMA = YES;
				CLANG_WARN_CONSTANT_CONVERSION = YES;
				CLANG_WARN_DEPRECATED_OBJC_IMPLEMENTATIONS = YES;
				CLANG_WARN_DIRECT_OBJC_ISA_USAGE = YES_ERROR;
				CLANG_WARN_DOCUMENTATION_COMMENTS = YES;
				CLANG_WARN_EMPTY_BODY = YES;
				CLANG_WARN_ENUM_CONVERSION = YES;
				CLANG_WARN_INFINITE_RECURSION = YES;
				CLANG_WARN_INT_CONVERSION = YES;
				CLANG_WARN_NON_LITERAL_NULL_CONVERSION = YES;
				CLANG_WARN_OBJC_IMPLICIT_RETAIN_SELF = YES;
				CLANG_WARN_OBJC_LITERAL_CONVERSION = YES;
				CLANG_WARN_OBJC_ROOT_CLASS = YES_ERROR;
				CLANG_WARN_QUOTED_INCLUDE_IN_FRAMEWORK_HEADER = YES;
				CLANG_WARN_RANGE_LOOP_ANALYSIS = YES;
				CLANG_WARN_STRICT_PROTOTYPES = YES;
				CLANG_WARN_SUSPICIOUS_MOVE = YES;
				CLANG_WARN_UNGUARDED_AVAILABILITY = YES_AGGRESSIVE;
				CLANG_WARN_UNREACHABLE_CODE = YES;
				CLANG_WARN__DUPLICATE_METHOD_MATCH = YES;
				COPY_PHASE_STRIP = NO;
				DEBUG_INFORMATION_FORMAT = dwarf;
				ENABLE_STRICT_OBJC_MSGSEND = YES;
				ENABLE_TESTABILITY = YES;
				GCC_C_LANGUAGE_STANDARD = gnu11;
				GCC_DYNAMIC_NO_PIC = NO;
				GCC_NO_COMMON_BLOCKS = YES;
				GCC_OPTIMIZATION_LEVEL = 0;
				GCC_PREPROCESSOR_DEFINITIONS = (
					"DEBUG=1",
					"$(inherited)",
				);
				GCC_WARN_64_TO_32_BIT_CONVERSION = YES;
				GCC_WARN_ABOUT_RETURN_TYPE = YES_ERROR;
				GCC_WARN_UNDECLARED_SELECTOR = YES;
				GCC_WARN_UNINITIALIZED_AUTOS = YES_AGGRESSIVE;
				GCC_WARN_UNUSED_FUNCTION = YES;
				GCC_WARN_UNUSED_VARIABLE = YES;
				IPHONEOS_DEPLOYMENT_TARGET = 15.5;
				MTL_ENABLE_DEBUG_INFO = INCLUDE_SOURCE;
				MTL_FAST_MATH = YES;
				ONLY_ACTIVE_ARCH = YES;
				SDKROOT = iphoneos;
				SWIFT_ACTIVE_COMPILATION_CONDITIONS = DEBUG;
				SWIFT_OPTIMIZATION_LEVEL = "-Onone";
			};
			name = Debug;
		};
		986628612CBC51B600B9B004 /* Release */ = {
			isa = XCBuildConfiguration;
			buildSettings = {
				ALWAYS_SEARCH_USER_PATHS = NO;
				CLANG_ANALYZER_NONNULL = YES;
				CLANG_ANALYZER_NUMBER_OBJECT_CONVERSION = YES_AGGRESSIVE;
				CLANG_CXX_LANGUAGE_STANDARD = "gnu++17";
				CLANG_ENABLE_MODULES = YES;
				CLANG_ENABLE_OBJC_ARC = YES;
				CLANG_ENABLE_OBJC_WEAK = YES;
				CLANG_WARN_BLOCK_CAPTURE_AUTORELEASING = YES;
				CLANG_WARN_BOOL_CONVERSION = YES;
				CLANG_WARN_COMMA = YES;
				CLANG_WARN_CONSTANT_CONVERSION = YES;
				CLANG_WARN_DEPRECATED_OBJC_IMPLEMENTATIONS = YES;
				CLANG_WARN_DIRECT_OBJC_ISA_USAGE = YES_ERROR;
				CLANG_WARN_DOCUMENTATION_COMMENTS = YES;
				CLANG_WARN_EMPTY_BODY = YES;
				CLANG_WARN_ENUM_CONVERSION = YES;
				CLANG_WARN_INFINITE_RECURSION = YES;
				CLANG_WARN_INT_CONVERSION = YES;
				CLANG_WARN_NON_LITERAL_NULL_CONVERSION = YES;
				CLANG_WARN_OBJC_IMPLICIT_RETAIN_SELF = YES;
				CLANG_WARN_OBJC_LITERAL_CONVERSION = YES;
				CLANG_WARN_OBJC_ROOT_CLASS = YES_ERROR;
				CLANG_WARN_QUOTED_INCLUDE_IN_FRAMEWORK_HEADER = YES;
				CLANG_WARN_RANGE_LOOP_ANALYSIS = YES;
				CLANG_WARN_STRICT_PROTOTYPES = YES;
				CLANG_WARN_SUSPICIOUS_MOVE = YES;
				CLANG_WARN_UNGUARDED_AVAILABILITY = YES_AGGRESSIVE;
				CLANG_WARN_UNREACHABLE_CODE = YES;
				CLANG_WARN__DUPLICATE_METHOD_MATCH = YES;
				COPY_PHASE_STRIP = NO;
				DEBUG_INFORMATION_FORMAT = "dwarf-with-dsym";
				ENABLE_NS_ASSERTIONS = NO;
				ENABLE_STRICT_OBJC_MSGSEND = YES;
				GCC_C_LANGUAGE_STANDARD = gnu11;
				GCC_NO_COMMON_BLOCKS = YES;
				GCC_WARN_64_TO_32_BIT_CONVERSION = YES;
				GCC_WARN_ABOUT_RETURN_TYPE = YES_ERROR;
				GCC_WARN_UNDECLARED_SELECTOR = YES;
				GCC_WARN_UNINITIALIZED_AUTOS = YES_AGGRESSIVE;
				GCC_WARN_UNUSED_FUNCTION = YES;
				GCC_WARN_UNUSED_VARIABLE = YES;
				IPHONEOS_DEPLOYMENT_TARGET = 15.5;
				MTL_ENABLE_DEBUG_INFO = NO;
				MTL_FAST_MATH = YES;
				SDKROOT = iphoneos;
				SWIFT_COMPILATION_MODE = wholemodule;
				SWIFT_OPTIMIZATION_LEVEL = "-O";
				VALIDATE_PRODUCT = YES;
			};
			name = Release;
		};
		986628632CBC51B600B9B004 /* Debug */ = {
			isa = XCBuildConfiguration;
			buildSettings = {
				ASSETCATALOG_COMPILER_APPICON_NAME = AppIcon;
				ASSETCATALOG_COMPILER_GLOBAL_ACCENT_COLOR_NAME = AccentColor;
				CODE_SIGN_STYLE = Automatic;
				CURRENT_PROJECT_VERSION = 1;
				DEVELOPMENT_ASSET_PATHS = "\"testIos/Preview Content\"";
				DEVELOPMENT_TEAM = 8GTQ585Q62;
				ENABLE_PREVIEWS = YES;
				GENERATE_INFOPLIST_FILE = YES;
				INFOPLIST_KEY_NSCameraUsageDescription = blabla;
				INFOPLIST_KEY_UIApplicationSceneManifest_Generation = YES;
				INFOPLIST_KEY_UIApplicationSupportsIndirectInputEvents = YES;
				INFOPLIST_KEY_UILaunchScreen_Generation = YES;
				INFOPLIST_KEY_UISupportedInterfaceOrientations_iPad = "UIInterfaceOrientationPortrait UIInterfaceOrientationPortraitUpsideDown UIInterfaceOrientationLandscapeLeft UIInterfaceOrientationLandscapeRight";
				INFOPLIST_KEY_UISupportedInterfaceOrientations_iPhone = "UIInterfaceOrientationPortrait UIInterfaceOrientationLandscapeLeft UIInterfaceOrientationLandscapeRight";
				LD_RUNPATH_SEARCH_PATHS = (
					"$(inherited)",
					"@executable_path/Frameworks",
				);
				MARKETING_VERSION = 1.0;
				PRODUCT_BUNDLE_IDENTIFIER = com.vlk.testIos;
				PRODUCT_NAME = "$(TARGET_NAME)";
				SWIFT_EMIT_LOC_STRINGS = YES;
				SWIFT_VERSION = 5.0;
				TARGETED_DEVICE_FAMILY = "1,2";
			};
			name = Debug;
		};
		986628642CBC51B600B9B004 /* Release */ = {
			isa = XCBuildConfiguration;
			buildSettings = {
				ASSETCATALOG_COMPILER_APPICON_NAME = AppIcon;
				ASSETCATALOG_COMPILER_GLOBAL_ACCENT_COLOR_NAME = AccentColor;
				CODE_SIGN_STYLE = Automatic;
				CURRENT_PROJECT_VERSION = 1;
				DEVELOPMENT_ASSET_PATHS = "\"testIos/Preview Content\"";
				DEVELOPMENT_TEAM = 8GTQ585Q62;
				ENABLE_PREVIEWS = YES;
				GENERATE_INFOPLIST_FILE = YES;
				INFOPLIST_KEY_NSCameraUsageDescription = blabla;
				INFOPLIST_KEY_UIApplicationSceneManifest_Generation = YES;
				INFOPLIST_KEY_UIApplicationSupportsIndirectInputEvents = YES;
				INFOPLIST_KEY_UILaunchScreen_Generation = YES;
				INFOPLIST_KEY_UISupportedInterfaceOrientations_iPad = "UIInterfaceOrientationPortrait UIInterfaceOrientationPortraitUpsideDown UIInterfaceOrientationLandscapeLeft UIInterfaceOrientationLandscapeRight";
				INFOPLIST_KEY_UISupportedInterfaceOrientations_iPhone = "UIInterfaceOrientationPortrait UIInterfaceOrientationLandscapeLeft UIInterfaceOrientationLandscapeRight";
				LD_RUNPATH_SEARCH_PATHS = (
					"$(inherited)",
					"@executable_path/Frameworks",
				);
				MARKETING_VERSION = 1.0;
				PRODUCT_BUNDLE_IDENTIFIER = com.vlk.testIos;
				PRODUCT_NAME = "$(TARGET_NAME)";
				SWIFT_EMIT_LOC_STRINGS = YES;
				SWIFT_VERSION = 5.0;
				TARGETED_DEVICE_FAMILY = "1,2";
			};
			name = Release;
		};
		986628662CBC51B600B9B004 /* Debug */ = {
			isa = XCBuildConfiguration;
			buildSettings = {
				ALWAYS_EMBED_SWIFT_STANDARD_LIBRARIES = YES;
				BUNDLE_LOADER = "$(TEST_HOST)";
				CODE_SIGN_STYLE = Automatic;
				CURRENT_PROJECT_VERSION = 1;
				GENERATE_INFOPLIST_FILE = YES;
				IPHONEOS_DEPLOYMENT_TARGET = 15.5;
				MARKETING_VERSION = 1.0;
				PRODUCT_BUNDLE_IDENTIFIER = com.me.testIosTests;
				PRODUCT_NAME = "$(TARGET_NAME)";
				SWIFT_EMIT_LOC_STRINGS = NO;
				SWIFT_VERSION = 5.0;
				TARGETED_DEVICE_FAMILY = "1,2";
				TEST_HOST = "$(BUILT_PRODUCTS_DIR)/testIos.app/testIos";
			};
			name = Debug;
		};
		986628672CBC51B600B9B004 /* Release */ = {
			isa = XCBuildConfiguration;
			buildSettings = {
				ALWAYS_EMBED_SWIFT_STANDARD_LIBRARIES = YES;
				BUNDLE_LOADER = "$(TEST_HOST)";
				CODE_SIGN_STYLE = Automatic;
				CURRENT_PROJECT_VERSION = 1;
				GENERATE_INFOPLIST_FILE = YES;
				IPHONEOS_DEPLOYMENT_TARGET = 15.5;
				MARKETING_VERSION = 1.0;
				PRODUCT_BUNDLE_IDENTIFIER = com.me.testIosTests;
				PRODUCT_NAME = "$(TARGET_NAME)";
				SWIFT_EMIT_LOC_STRINGS = NO;
				SWIFT_VERSION = 5.0;
				TARGETED_DEVICE_FAMILY = "1,2";
				TEST_HOST = "$(BUILT_PRODUCTS_DIR)/testIos.app/testIos";
			};
			name = Release;
		};
		986628692CBC51B600B9B004 /* Debug */ = {
			isa = XCBuildConfiguration;
			buildSettings = {
				ALWAYS_EMBED_SWIFT_STANDARD_LIBRARIES = YES;
				CODE_SIGN_STYLE = Automatic;
				CURRENT_PROJECT_VERSION = 1;
				GENERATE_INFOPLIST_FILE = YES;
				MARKETING_VERSION = 1.0;
				PRODUCT_BUNDLE_IDENTIFIER = com.me.testIosUITests;
				PRODUCT_NAME = "$(TARGET_NAME)";
				SWIFT_EMIT_LOC_STRINGS = NO;
				SWIFT_VERSION = 5.0;
				TARGETED_DEVICE_FAMILY = "1,2";
				TEST_TARGET_NAME = testIos;
			};
			name = Debug;
		};
		9866286A2CBC51B600B9B004 /* Release */ = {
			isa = XCBuildConfiguration;
			buildSettings = {
				ALWAYS_EMBED_SWIFT_STANDARD_LIBRARIES = YES;
				CODE_SIGN_STYLE = Automatic;
				CURRENT_PROJECT_VERSION = 1;
				GENERATE_INFOPLIST_FILE = YES;
				MARKETING_VERSION = 1.0;
				PRODUCT_BUNDLE_IDENTIFIER = com.me.testIosUITests;
				PRODUCT_NAME = "$(TARGET_NAME)";
				SWIFT_EMIT_LOC_STRINGS = NO;
				SWIFT_VERSION = 5.0;
				TARGETED_DEVICE_FAMILY = "1,2";
				TEST_TARGET_NAME = testIos;
			};
			name = Release;
		};
/* End XCBuildConfiguration section */

/* Begin XCConfigurationList section */
		986628392CBC51B500B9B004 /* Build configuration list for PBXProject "testIos" */ = {
			isa = XCConfigurationList;
			buildConfigurations = (
				986628602CBC51B600B9B004 /* Debug */,
				986628612CBC51B600B9B004 /* Release */,
			);
			defaultConfigurationIsVisible = 0;
			defaultConfigurationName = Release;
		};
		986628622CBC51B600B9B004 /* Build configuration list for PBXNativeTarget "testIos" */ = {
			isa = XCConfigurationList;
			buildConfigurations = (
				986628632CBC51B600B9B004 /* Debug */,
				986628642CBC51B600B9B004 /* Release */,
			);
			defaultConfigurationIsVisible = 0;
			defaultConfigurationName = Release;
		};
		986628652CBC51B600B9B004 /* Build configuration list for PBXNativeTarget "testIosTests" */ = {
			isa = XCConfigurationList;
			buildConfigurations = (
				986628662CBC51B600B9B004 /* Debug */,
				986628672CBC51B600B9B004 /* Release */,
			);
			defaultConfigurationIsVisible = 0;
			defaultConfigurationName = Release;
		};
		986628682CBC51B600B9B004 /* Build configuration list for PBXNativeTarget "testIosUITests" */ = {
			isa = XCConfigurationList;
			buildConfigurations = (
				986628692CBC51B600B9B004 /* Debug */,
				9866286A2CBC51B600B9B004 /* Release */,
			);
			defaultConfigurationIsVisible = 0;
			defaultConfigurationName = Release;
		};
/* End XCConfigurationList section */
	};
	rootObject = 986628362CBC51B500B9B004 /* Project object */;
}
